
Microsoft Visual Studio Solution File, Format Version 12.00
# Visual Studio Version 17
VisualStudioVersion = 17.12.35527.113 d17.12
MinimumVisualStudioVersion = 10.0.40219.1
Project("{FAE04EC0-301F-11D3-BF4B-00C04F79EFBC}") = "Wilczura.Odata.Host", "Wilczura.Odata.Host\Wilczura.Odata.Host.csproj", "{70E82FDB-D531-41A8-8013-BC3DAFE2107D}"
EndProject
Project("{FAE04EC0-301F-11D3-BF4B-00C04F79EFBC}") = "Wilczura.Odata.Adapters.Postgres", "Wilczura.Odata.Adapters.Postgres\Wilczura.Odata.Adapters.Postgres.csproj", "{782162D0-6E10-4603-877B-913F871EB8EB}"
EndProject
Global
	GlobalSection(SolutionConfigurationPlatforms) = preSolution
		Debug|Any CPU = Debug|Any CPU
		Release|Any CPU = Release|Any CPU
	EndGlobalSection
	GlobalSection(ProjectConfigurationPlatforms) = postSolution
		{70E82FDB-D531-41A8-8013-BC3DAFE2107D}.Debug|Any CPU.ActiveCfg = Debug|Any CPU
		{70E82FDB-D531-41A8-8013-BC3DAFE2107D}.Debug|Any CPU.Build.0 = Debug|Any CPU
		{70E82FDB-D531-41A8-8013-BC3DAFE2107D}.Release|Any CPU.ActiveCfg = Release|Any CPU
		{70E82FDB-D531-41A8-8013-BC3DAFE2107D}.Release|Any CPU.Build.0 = Release|Any CPU
		{782162D0-6E10-4603-877B-913F871EB8EB}.Debug|Any CPU.ActiveCfg = Debug|Any CPU
		{782162D0-6E10-4603-877B-913F871EB8EB}.Debug|Any CPU.Build.0 = Debug|Any CPU
		{782162D0-6E10-4603-877B-913F871EB8EB}.Release|Any CPU.ActiveCfg = Release|Any CPU
		{782162D0-6E10-4603-877B-913F871EB8EB}.Release|Any CPU.Build.0 = Release|Any CPU
	EndGlobalSection
	GlobalSection(SolutionProperties) = preSolution
		HideSolutionNode = FALSE
	EndGlobalSection
EndGlobal
